lockfileVersion: '9.0'

settings:
  autoInstallPeers: true
  excludeLinksFromLockfile: false

importers:

  .:
    devDependencies:
      '@openzeppelin/contracts':
        specifier: ^5.6.1
        version: 5.6.1
      turbo:
        specifier: ^2.5.0
        version: 2.11.2
      typescript:
        specifier: ^5.7.0
        version: 5.9.3

  packages/sdk:
    dependencies:
      '@vaultos/types':
        specifier: workspace:*
        version: link:../types
      viem:
        specifier: ^2.21.0
        version: 2.56.8(typescript@5.9.3)

  packages/types: {}

packages:

  '@adraffy/ens-normalize@1.11.1':
    resolution: {integrity: sha512-nhCBV3quEgesuf7c7KYfperqSS14T8bYuvJ8PcLJp6znkZpFc0AuW4qBtr8eKVyPPe/8RSr7sglCWPU5eaxwKQ==}

  '@noble/ciphers@1.3.0':
    resolution: {integrity: sha512-2I0gnIVPtfnMw9ee9h1dJG7tp81+8Ob3OJb3Mv37rx5L40/b0i7djjCVvGOVqc9AEIQyvyu1i6ypKdFw8R8gQw==}
    engines: {node: ^14.21.3 || >=16}

  '@noble/curves@1.9.1':
    resolution: {integrity: sha512-k11yZxZg+t+gWvBbIswW0yoJlu8cHOC7dhunwOzoWH/mXGBiYyR4YY6hAEK/3EUs4UpB8la1RfdRpeGsFHkWsA==}
    engines: {node: ^14.21.3 || >=16}

  '@noble/hashes@1.8.0':
    resolution: {integrity: sha512-jCs9ldd7NwzpgXDIf6P3+NrHh9/sD6CQdxHyjQI+h/6rDNo88ypBxxz45UDuZHz9r3tNz7N/VInSVoVdtXEI4A==}
    engines: {node: ^14.21.3 || >=16}

  '@openzeppelin/contracts@5.6.1':
    resolution: {integrity: sha512-Ly6SlsVJ3mj+b18W3R8gNufB7dTICT105fJhodGAGgyC2oqnBAhqSiNDJ8V8DLY05cCz81GLI0CU5vNYA1EC/w==}

  '@scure/base@1.2.6':
    resolution: {integrity: sha512-g/nm5FgUa//MCj1gV09zTJTaM6KBAHqLN907YVQqf7zC49+DcO4B1so4ZX07Ef10Twr6nuqYEH9GEggFXA4Fmg==}

  '@scure/bip32@1.7.0':
    resolution: {integrity: sha512-E4FFX/N3f4B80AKWp5dP6ow+flD1LQZo/w8UnLGYZO674jS6YnYeepycOOksv+vLPSpgN35wgKgy+ybfTb2SMw==}

  '@scure/bip39@1.6.0':
    resolution: {integrity: sha512-+lF0BbLiJNwVlev4eKelw1WWLaiKXw7sSl8T6FvBlWkdX+94aGJ4o8XjUdlyhTCjd8c+B3KT3JfS8P0bLRNU6A==}

  '@turbo/darwin-64@2.11.2':
    resolution: {integrity: sha512-0pGfE4Lpxrbd+6gUD9z025Tn4z9uMaSNZ3VX0H/hkUPZkjY5xrCa1NfTqocs09NM5NiYE3wEVcoYBadrhayRCA==}
    cpu: [x64]
    os: [darwin]

  '@turbo/darwin-arm64@2.11.2':
    resolution: {integrity: sha512-Ub7hTbu0bPSiW156ciuLCexG5/SfuZM/QWeBBh9o8P4XyKiZwKqubT6Y9DdJjdp4ZY2wS47Prdl06Xxzt0q6zw==}
    cpu: [arm64]
    os: [darwin]

  '@turbo/linux-64@2.11.2':
    resolution: {integrity: sha512-8ipdmgmvSomfQ8E9afUsefO+BLO6QMW7srrHqMOCXD3BPX4FlYqqWAJY1GvbQotZMWKzNohdVkevrUYM6ZzYKA==}
    cpu: [x64]
    os: [android, linux]

  '@turbo/linux-arm64@2.11.2':
    resolution: {integrity: sha512-tsftYXAzgc+GdosqyRP8+Zzk2evJ8ej7Otal7/DU+6GVekVZ3kqM/z7zlGuF4TSHeetWxX04KN1I64LkmvYzgg==}
    cpu: [arm64]
    os: [android, linux]

  '@turbo/windows-64@2.11.2':
    resolution: {integrity: sha512-p5LDVcGmC8W6FCrJPehr1t0ZvYqM8xvG3Va+LkwtDMK3Rl0NhSsJOYbYZVBfMbkm+9RKcCvekFCbSVtQ9Eyuqg==}
    cpu: [x64]
    os: [win32]

  '@turbo/windows-arm64@2.11.2':
    resolution: {integrity: sha512-u0M3m1aXo9lpDM/2iQhxlGzgWjHFq/MC4TqHn1YAvxk8g1wGtzRB2QBx/SLqRChhPhC29mzaB8eLcxKh/pcM1g==}
    cpu: [arm64]
    os: [win32]

  abitype@1.2.3:
    resolution: {integrity: sha512-Ofer5QUnuUdTFsBRwARMoWKOH1ND5ehwYhJ3OJ/BQO+StkwQjHw0XyVh4vDttzHB7QOFhPHa/o413PJ82gU/Tg==}
    peerDependencies:
      typescript: '>=5.0.4'
      zod: ^3.22.0 || ^4.0.0
    peerDependenciesMeta:
      typescript:
        optional: true
      zod:
        optional: true

  eventemitter3@5.0.1:
    resolution: {integrity: sha512-GWkBvjiSZK87ELrYOSESUYeVIc9mvLLf/nXalMOS5dYrgZq9o5OVkbZAVM06CVxYsCwH9BDZFPlQTlPA1j4ahA==}

  isows@1.0.7:
    resolution: {integrity: sha512-I1fSfDCZL5P0v33sVqeTDSpcstAg/N+wF5HS033mogOVIp4B+oHC7oOCsA3axAbBSGTJ8QubbNmnIRN/h8U7hg==}
    peerDependencies:
      ws: '*'

  ox@0.14.45:
    resolution: {integrity: sha512-jpsQ+p0JZh9mKCxxzxz0d5qFHZZg2/O9xW18IpEC/dNXXPVqmDJ0c//9RMz0CILkbSGPA42+cbU0fC/ghwJ03w==}
    peerDependencies:
      typescript: '>=5.4.0'
    peerDependenciesMeta:
      typescript:
        optional: true

  turbo@2.11.2:
    resolution: {integrity: sha512-s0GhnWXlAAN+wb2GRMQxnZgFweRWTAceRWW/4Lk9iHj7QuLZMjDxQQqu+Xoh7Nckuy8UiSim520w6yqP2+ertw==}
    hasBin: true

  typescript@5.9.3:
    resolution: {integrity: sha512-jl1vZzPDinLr9eUt3J/t7V6FgNEw9QjvBPdysz9KfQDD41fQrC2Y4vKQdiaUpFT4bXlb1RHhLpp8wtm6M5TgSw==}
    engines: {node: '>=14.17'}
    hasBin: true

  viem@2.56.8:
    resolution: {integrity: sha512-vD1DsnYxySMml5/02m/+boWQYfZtWug2VYzm6+hdVT+VDmULBZfpoh9gPDAENdMMBmQKW/2QJ/1DuZaslBJDAg==}
    peerDependencies:
      typescript: '>=5.0.4'
    peerDependenciesMeta:
      typescript:
        optional: true

  ws@8.21.0:
    resolution: {integrity: sha512-Vsp28b7DRcimFQvrqu2Wek3z1iYxDCWqHYB8Qsnk/S4RfaCQzPGPyBNuVjJV3cd6UiKtUtp6sNM77gWvzcCH+g==}
    engines: {node: '>=10.0.0'}
    peerDependencies:
      bufferutil: ^4.0.1
      utf-8-validate: '>=5.0.2'
    peerDependenciesMeta:
      bufferutil:
        optional: true
      utf-8-validate:
        optional: true

snapshots:

  '@adraffy/ens-normalize@1.11.1': {}

  '@noble/ciphers@1.3.0': {}

  '@noble/curves@1.9.1':
    dependencies:
      '@noble/hashes': 1.8.0

  '@noble/hashes@1.8.0': {}

  '@openzeppelin/contracts@5.6.1': {}

  '@scure/base@1.2.6': {}

  '@scure/bip32@1.7.0':
    dependencies:
      '@noble/curves': 1.9.1
      '@noble/hashes': 1.8.0
      '@scure/base': 1.2.6

  '@scure/bip39@1.6.0':
    dependencies:
      '@noble/hashes': 1.8.0
      '@scure/base': 1.2.6

  '@turbo/darwin-64@2.11.2':
    optional: true

  '@turbo/darwin-arm64@2.11.2':
    optional: true

  '@turbo/linux-64@2.11.2':
    optional: true

  '@turbo/linux-arm64@2.11.2':
    optional: true

  '@turbo/windows-64@2.11.2':
    optional: true

  '@turbo/windows-arm64@2.11.2':
    optional: true

  abitype@1.2.3(typescript@5.9.3):
    optionalDependencies:
      typescript: 5.9.3

  eventemitter3@5.0.1: {}

  isows@1.0.7(ws@8.21.0):
    dependencies:
      ws: 8.21.0

  ox@0.14.45(typescript@5.9.3):
    dependencies:
      '@adraffy/ens-normalize': 1.11.1
      '@noble/ciphers': 1.3.0
      '@noble/curves': 1.9.1
      '@noble/hashes': 1.8.0
      '@scure/bip32': 1.7.0
      '@scure/bip39': 1.6.0
      abitype: 1.2.3(typescript@5.9.3)
      eventemitter3: 5.0.1
    optionalDependencies:
      typescript: 5.9.3
    transitivePeerDependencies:
      - zod

  turbo@2.11.2:
    optionalDependencies:
      '@turbo/darwin-64': 2.11.2
      '@turbo/darwin-arm64': 2.11.2
      '@turbo/linux-64': 2.11.2
      '@turbo/linux-arm64': 2.11.2
      '@turbo/windows-64': 2.11.2
      '@turbo/windows-arm64': 2.11.2

  typescript@5.9.3: {}

  viem@2.56.8(typescript@5.9.3):
    dependencies:
      '@noble/curves': 1.9.1
      '@noble/hashes': 1.8.0
      '@scure/bip32': 1.7.0
      '@scure/bip39': 1.6.0
      abitype: 1.2.3(typescript@5.9.3)
      isows: 1.0.7(ws@8.21.0)
      ox: 0.14.45(typescript@5.9.3)
      ws: 8.21.0
    optionalDependencies:
      typescript: 5.9.3
    transitivePeerDependencies:
      - bufferutil
      - utf-8-validate
      - zod

  ws@8.21.0: {}
